
Microsoft Visual Studio Solution File, Format Version 12.00
# Visual Studio 15
VisualStudioVersion = 15.0.28307.572
MinimumVisualStudioVersion = 10.0.40219.1
Project("{E24C65DC-7377-472B-9ABA-BC803B73C61A}") = "Experiment", "Experiment\", "{E46ED58D-7618-4F83-B045-CFE3CB61D12D}"
	ProjectSection(WebsiteProperties) = preProject
		TargetFrameworkMoniker = ".NETFramework,Version%3Dv4.6.1"
		Debug.AspNetCompiler.VirtualPath = "/localhost_2713"
		Debug.AspNetCompiler.PhysicalPath = "Experiment\"
		Debug.AspNetCompiler.TargetPath = "PrecompiledWeb\localhost_2713\"
		Debug.AspNetCompiler.Updateable = "true"
		Debug.AspNetCompiler.ForceOverwrite = "true"
		Debug.AspNetCompiler.FixedNames = "false"
		Debug.AspNetCompiler.Debug = "True"
		Release.AspNetCompiler.VirtualPath = "/localhost_2713"
		Release.AspNetCompiler.PhysicalPath = "Experiment\"
		Release.AspNetCompiler.TargetPath = "PrecompiledWeb\localhost_2713\"
		Release.AspNetCompiler.Updateable = "true"
		Release.AspNetCompiler.ForceOverwrite = "true"
		Release.AspNetCompiler.FixedNames = "false"
		Release.AspNetCompiler.Debug = "False"
		VWDPort = "2713"
		SlnRelativePath = "Experiment\"
		DefaultWebSiteLanguage = "Visual C#"
	EndProjectSection
EndProject
Project("{E24C65DC-7377-472B-9ABA-BC803B73C61A}") = "Experiment2", "Experiment2\", "{4757C865-9DB2-48D7-AD8C-756806681327}"
	ProjectSection(WebsiteProperties) = preProject
		TargetFrameworkMoniker = ".NETFramework,Version%3Dv4.6.1"
		Debug.AspNetCompiler.VirtualPath = "/localhost_2722"
		Debug.AspNetCompiler.PhysicalPath = "Experiment2\"
		Debug.AspNetCompiler.TargetPath = "PrecompiledWeb\localhost_2722\"
		Debug.AspNetCompiler.Updateable = "true"
		Debug.AspNetCompiler.ForceOverwrite = "true"
		Debug.AspNetCompiler.FixedNames = "false"
		Debug.AspNetCompiler.Debug = "True"
		Release.AspNetCompiler.VirtualPath = "/localhost_2722"
		Release.AspNetCompiler.PhysicalPath = "Experiment2\"
		Release.AspNetCompiler.TargetPath = "PrecompiledWeb\localhost_2722\"
		Release.AspNetCompiler.Updateable = "true"
		Release.AspNetCompiler.ForceOverwrite = "true"
		Release.AspNetCompiler.FixedNames = "false"
		Release.AspNetCompiler.Debug = "False"
		VWDPort = "2722"
		SlnRelativePath = "Experiment2\"
		DefaultWebSiteLanguage = "Visual C#"
	EndProjectSection
EndProject
Project("{E24C65DC-7377-472B-9ABA-BC803B73C61A}") = "Experiment3", "Experiment3\", "{CADCB672-5BEB-40F9-8A8C-46FBC42F6FA4}"
	ProjectSection(WebsiteProperties) = preProject
		TargetFrameworkMoniker = ".NETFramework,Version%3Dv4.6.1"
		Debug.AspNetCompiler.VirtualPath = "/localhost_7667"
		Debug.AspNetCompiler.PhysicalPath = "Experiment3\"
		Debug.AspNetCompiler.TargetPath = "PrecompiledWeb\localhost_7667\"
		Debug.AspNetCompiler.Updateable = "true"
		Debug.AspNetCompiler.ForceOverwrite = "true"
		Debug.AspNetCompiler.FixedNames = "false"
		Debug.AspNetCompiler.Debug = "True"
		Release.AspNetCompiler.VirtualPath = "/localhost_7667"
		Release.AspNetCompiler.PhysicalPath = "Experiment3\"
		Release.AspNetCompiler.TargetPath = "PrecompiledWeb\localhost_7667\"
		Release.AspNetCompiler.Updateable = "true"
		Release.AspNetCompiler.ForceOverwrite = "true"
		Release.AspNetCompiler.FixedNames = "false"
		Release.AspNetCompiler.Debug = "False"
		VWDPort = "7667"
		SlnRelativePath = "Experiment3\"
		DefaultWebSiteLanguage = "Visual C#"
	EndProjectSection
EndProject
Project("{E24C65DC-7377-472B-9ABA-BC803B73C61A}") = "Experiment4", "Experiment4\", "{B790F460-8E86-4481-975C-939E927D43F2}"
	ProjectSection(WebsiteProperties) = preProject
		TargetFrameworkMoniker = ".NETFramework,Version%3Dv4.6.1"
		Debug.AspNetCompiler.VirtualPath = "/localhost_3977"
		Debug.AspNetCompiler.PhysicalPath = "Experiment4\"
		Debug.AspNetCompiler.TargetPath = "PrecompiledWeb\localhost_3977\"
		Debug.AspNetCompiler.Updateable = "true"
		Debug.AspNetCompiler.ForceOverwrite = "true"
		Debug.AspNetCompiler.FixedNames = "false"
		Debug.AspNetCompiler.Debug = "True"
		Release.AspNetCompiler.VirtualPath = "/localhost_3977"
		Release.AspNetCompiler.PhysicalPath = "Experiment4\"
		Release.AspNetCompiler.TargetPath = "PrecompiledWeb\localhost_3977\"
		Release.AspNetCompiler.Updateable = "true"
		Release.AspNetCompiler.ForceOverwrite = "true"
		Release.AspNetCompiler.FixedNames = "false"
		Release.AspNetCompiler.Debug = "False"
		VWDPort = "3977"
		SlnRelativePath = "Experiment4\"
		DefaultWebSiteLanguage = "Visual C#"
	EndProjectSection
EndProject
Project("{E24C65DC-7377-472B-9ABA-BC803B73C61A}") = "Experiment5", "Experiment5\", "{F8E39E96-3EBA-462C-B5F2-B339FABA543E}"
	ProjectSection(WebsiteProperties) = preProject
		TargetFrameworkMoniker = ".NETFramework,Version%3Dv4.6.1"
		Debug.AspNetCompiler.VirtualPath = "/localhost_40157"
		Debug.AspNetCompiler.PhysicalPath = "Experiment5\"
		Debug.AspNetCompiler.TargetPath = "PrecompiledWeb\localhost_40157\"
		Debug.AspNetCompiler.Updateable = "true"
		Debug.AspNetCompiler.ForceOverwrite = "true"
		Debug.AspNetCompiler.FixedNames = "false"
		Debug.AspNetCompiler.Debug = "True"
		Release.AspNetCompiler.VirtualPath = "/localhost_40157"
		Release.AspNetCompiler.PhysicalPath = "Experiment5\"
		Release.AspNetCompiler.TargetPath = "PrecompiledWeb\localhost_40157\"
		Release.AspNetCompiler.Updateable = "true"
		Release.AspNetCompiler.ForceOverwrite = "true"
		Release.AspNetCompiler.FixedNames = "false"
		Release.AspNetCompiler.Debug = "False"
		VWDPort = "40157"
		SlnRelativePath = "Experiment5\"
		DefaultWebSiteLanguage = "Visual C#"
	EndProjectSection
EndProject
Project("{E24C65DC-7377-472B-9ABA-BC803B73C61A}") = "Experiment6", "Experiment6\", "{FA0B7952-68DC-4C2B-B0F1-2F965C411A01}"
	ProjectSection(WebsiteProperties) = preProject
		TargetFrameworkMoniker = ".NETFramework,Version%3Dv4.6.1"
		Debug.AspNetCompiler.VirtualPath = "/localhost_16449"
		Debug.AspNetCompiler.PhysicalPath = "Experiment6\"
		Debug.AspNetCompiler.TargetPath = "PrecompiledWeb\localhost_16449\"
		Debug.AspNetCompiler.Updateable = "true"
		Debug.AspNetCompiler.ForceOverwrite = "true"
		Debug.AspNetCompiler.FixedNames = "false"
		Debug.AspNetCompiler.Debug = "True"
		Release.AspNetCompiler.VirtualPath = "/localhost_16449"
		Release.AspNetCompiler.PhysicalPath = "Experiment6\"
		Release.AspNetCompiler.TargetPath = "PrecompiledWeb\localhost_16449\"
		Release.AspNetCompiler.Updateable = "true"
		Release.AspNetCompiler.ForceOverwrite = "true"
		Release.AspNetCompiler.FixedNames = "false"
		Release.AspNetCompiler.Debug = "False"
		VWDPort = "16449"
		SlnRelativePath = "Experiment6\"
		DefaultWebSiteLanguage = "Visual C#"
	EndProjectSection
EndProject
Project("{E24C65DC-7377-472B-9ABA-BC803B73C61A}") = "Experiment7", "Experiment7\", "{BEBDA6E9-C3D4-4244-B3F7-F6D39E2A084E}"
	ProjectSection(WebsiteProperties) = preProject
		TargetFrameworkMoniker = ".NETFramework,Version%3Dv4.6.1"
		Debug.AspNetCompiler.VirtualPath = "/localhost_54412"
		Debug.AspNetCompiler.PhysicalPath = "Experiment7\"
		Debug.AspNetCompiler.TargetPath = "PrecompiledWeb\localhost_54412\"
		Debug.AspNetCompiler.Updateable = "true"
		Debug.AspNetCompiler.ForceOverwrite = "true"
		Debug.AspNetCompiler.FixedNames = "false"
		Debug.AspNetCompiler.Debug = "True"
		Release.AspNetCompiler.VirtualPath = "/localhost_54412"
		Release.AspNetCompiler.PhysicalPath = "Experiment7\"
		Release.AspNetCompiler.TargetPath = "PrecompiledWeb\localhost_54412\"
		Release.AspNetCompiler.Updateable = "true"
		Release.AspNetCompiler.ForceOverwrite = "true"
		Release.AspNetCompiler.FixedNames = "false"
		Release.AspNetCompiler.Debug = "False"
		VWDPort = "54412"
		SlnRelativePath = "Experiment7\"
		DefaultWebSiteLanguage = "Visual C#"
	EndProjectSection
EndProject
Project("{E24C65DC-7377-472B-9ABA-BC803B73C61A}") = "Experiment8", "Experiment8\", "{8D202675-DC3C-49EE-B72B-28AF02B94523}"
	ProjectSection(WebsiteProperties) = preProject
		TargetFrameworkMoniker = ".NETFramework,Version%3Dv4.6.1"
		Debug.AspNetCompiler.VirtualPath = "/localhost_54613"
		Debug.AspNetCompiler.PhysicalPath = "Experiment8\"
		Debug.AspNetCompiler.TargetPath = "PrecompiledWeb\localhost_54613\"
		Debug.AspNetCompiler.Updateable = "true"
		Debug.AspNetCompiler.ForceOverwrite = "true"
		Debug.AspNetCompiler.FixedNames = "false"
		Debug.AspNetCompiler.Debug = "True"
		Release.AspNetCompiler.VirtualPath = "/localhost_54613"
		Release.AspNetCompiler.PhysicalPath = "Experiment8\"
		Release.AspNetCompiler.TargetPath = "PrecompiledWeb\localhost_54613\"
		Release.AspNetCompiler.Updateable = "true"
		Release.AspNetCompiler.ForceOverwrite = "true"
		Release.AspNetCompiler.FixedNames = "false"
		Release.AspNetCompiler.Debug = "False"
		VWDPort = "54613"
		DefaultWebSiteLanguage = "Visual C#"
	EndProjectSection
EndProject
Global
	GlobalSection(SolutionConfigurationPlatforms) = preSolution
		Debug|Any CPU = Debug|Any CPU
		Release|Any CPU = Release|Any CPU
	EndGlobalSection
	GlobalSection(ProjectConfigurationPlatforms) = postSolution
		{E46ED58D-7618-4F83-B045-CFE3CB61D12D}.Debug|Any CPU.ActiveCfg = Debug|Any CPU
		{E46ED58D-7618-4F83-B045-CFE3CB61D12D}.Debug|Any CPU.Build.0 = Debug|Any CPU
		{E46ED58D-7618-4F83-B045-CFE3CB61D12D}.Release|Any CPU.ActiveCfg = Debug|Any CPU
		{E46ED58D-7618-4F83-B045-CFE3CB61D12D}.Release|Any CPU.Build.0 = Debug|Any CPU
		{4757C865-9DB2-48D7-AD8C-756806681327}.Debug|Any CPU.ActiveCfg = Debug|Any CPU
		{4757C865-9DB2-48D7-AD8C-756806681327}.Debug|Any CPU.Build.0 = Debug|Any CPU
		{4757C865-9DB2-48D7-AD8C-756806681327}.Release|Any CPU.ActiveCfg = Debug|Any CPU
		{4757C865-9DB2-48D7-AD8C-756806681327}.Release|Any CPU.Build.0 = Debug|Any CPU
		{CADCB672-5BEB-40F9-8A8C-46FBC42F6FA4}.Debug|Any CPU.ActiveCfg = Debug|Any CPU
		{CADCB672-5BEB-40F9-8A8C-46FBC42F6FA4}.Debug|Any CPU.Build.0 = Debug|Any CPU
		{CADCB672-5BEB-40F9-8A8C-46FBC42F6FA4}.Release|Any CPU.ActiveCfg = Debug|Any CPU
		{CADCB672-5BEB-40F9-8A8C-46FBC42F6FA4}.Release|Any CPU.Build.0 = Debug|Any CPU
		{B790F460-8E86-4481-975C-939E927D43F2}.Debug|Any CPU.ActiveCfg = Debug|Any CPU
		{B790F460-8E86-4481-975C-939E927D43F2}.Debug|Any CPU.Build.0 = Debug|Any CPU
		{B790F460-8E86-4481-975C-939E927D43F2}.Release|Any CPU.ActiveCfg = Debug|Any CPU
		{B790F460-8E86-4481-975C-939E927D43F2}.Release|Any CPU.Build.0 = Debug|Any CPU
		{F8E39E96-3EBA-462C-B5F2-B339FABA543E}.Debug|Any CPU.ActiveCfg = Debug|Any CPU
		{F8E39E96-3EBA-462C-B5F2-B339FABA543E}.Debug|Any CPU.Build.0 = Debug|Any CPU
		{F8E39E96-3EBA-462C-B5F2-B339FABA543E}.Release|Any CPU.ActiveCfg = Debug|Any CPU
		{F8E39E96-3EBA-462C-B5F2-B339FABA543E}.Release|Any CPU.Build.0 = Debug|Any CPU
		{FA0B7952-68DC-4C2B-B0F1-2F965C411A01}.Debug|Any CPU.ActiveCfg = Debug|Any CPU
		{FA0B7952-68DC-4C2B-B0F1-2F965C411A01}.Debug|Any CPU.Build.0 = Debug|Any CPU
		{FA0B7952-68DC-4C2B-B0F1-2F965C411A01}.Release|Any CPU.ActiveCfg = Debug|Any CPU
		{FA0B7952-68DC-4C2B-B0F1-2F965C411A01}.Release|Any CPU.Build.0 = Debug|Any CPU
		{BEBDA6E9-C3D4-4244-B3F7-F6D39E2A084E}.Debug|Any CPU.ActiveCfg = Debug|Any CPU
		{BEBDA6E9-C3D4-4244-B3F7-F6D39E2A084E}.Debug|Any CPU.Build.0 = Debug|Any CPU
		{BEBDA6E9-C3D4-4244-B3F7-F6D39E2A084E}.Release|Any CPU.ActiveCfg = Debug|Any CPU
		{BEBDA6E9-C3D4-4244-B3F7-F6D39E2A084E}.Release|Any CPU.Build.0 = Debug|Any CPU
		{8D202675-DC3C-49EE-B72B-28AF02B94523}.Debug|Any CPU.ActiveCfg = Debug|Any CPU
		{8D202675-DC3C-49EE-B72B-28AF02B94523}.Debug|Any CPU.Build.0 = Debug|Any CPU
		{8D202675-DC3C-49EE-B72B-28AF02B94523}.Release|Any CPU.ActiveCfg = Debug|Any CPU
		{8D202675-DC3C-49EE-B72B-28AF02B94523}.Release|Any CPU.Build.0 = Debug|Any CPU
	EndGlobalSection
	GlobalSection(SolutionProperties) = preSolution
		HideSolutionNode = FALSE
	EndGlobalSection
	GlobalSection(ExtensibilityGlobals) = postSolution
		SolutionGuid = {856C4CA1-2DF0-4F9D-8995-378F22E45D0E}
	EndGlobalSection
EndGlobal
